<?xml version="1.0" encoding="utf-8"?>
<Project ToolsVersion="4.0" xmlns="http://schemas.microsoft.com/developer/msbuild/2003">
  <ItemGroup>
    <Filter Include="Form Files">
      <UniqueIdentifier>{99349809-55BA-4b9d-BF79-8FDBB0286EB3}</UniqueIdentifier>
      <Extensions>ui</Extensions>
    </Filter>
    <Filter Include="Resource Files">
      <UniqueIdentifier>{D9D6E242-F8AF-46E4-B9FD-80ECBC20BA3E}</UniqueIdentifier>
      <Extensions>qrc;*</Extensions>
      <ParseFiles>false</ParseFiles>
    </Filter>
    <Filter Include="Generated Files">
      <UniqueIdentifier>{71ED8ED8-ACB9-4CE9-BBE1-E00B30144E11}</UniqueIdentifier>
      <Extensions>moc;h;cpp</Extensions>
      <SourceControlFiles>False</SourceControlFiles>
    </Filter>
    <Filter Include="Generated Files\Debug">
      <UniqueIdentifier>{830178df-e40a-431d-a9b6-391a498bcc55}</UniqueIdentifier>
      <Extensions>cpp;moc</Extensions>
      <SourceControlFiles>False</SourceControlFiles>
    </Filter>
    <Filter Include="Generated Files\Release">
      <UniqueIdentifier>{45aa989d-76d4-4f0f-917f-2cd61cbc967f}</UniqueIdentifier>
      <Extensions>cpp;moc</Extensions>
      <SourceControlFiles>False</SourceControlFiles>
    </Filter>
    <Filter Include="cu">
      <UniqueIdentifier>{96aa521c-1353-44ef-a36a-864dea5e3c2d}</UniqueIdentifier>
    </Filter>
    <Filter Include="ui">
      <UniqueIdentifier>{95b55177-5cb2-4b59-ad59-0a6bb923aa70}</UniqueIdentifier>
    </Filter>
    <Filter Include="easyar">
      <UniqueIdentifier>{dd0dc571-36bc-4e2a-ba38-f28f37df7088}</UniqueIdentifier>
    </Filter>
  </ItemGroup>
  <ItemGroup>
    <ClCompile Include="GeneratedFiles\qrc_flamevu.cpp">
      <Filter>Generated Files</Filter>
    </ClCompile>
    <ClCompile Include="src\ui\flamevu.cpp">
      <Filter>ui</Filter>
    </ClCompile>
    <ClCompile Include="GeneratedFiles\Debug\moc_flamevu.cpp">
      <Filter>Generated Files\Debug</Filter>
    </ClCompile>
    <ClCompile Include="GeneratedFiles\Release\moc_flamevu.cpp">
      <Filter>Generated Files\Release</Filter>
    </ClCompile>
    <ClCompile Include="src\ui\scenewidget.cpp">
      <Filter>ui</Filter>
    </ClCompile>
    <ClCompile Include="GeneratedFiles\Debug\moc_scenewidget.cpp">
      <Filter>Generated Files\Debug</Filter>
    </ClCompile>
    <ClCompile Include="src\main.cpp" />
    <ClCompile Include="GeneratedFiles\Release\moc_scenewidget.cpp">
      <Filter>Generated Files\Release</Filter>
    </ClCompile>
    <ClCompile Include="src\easyar\armanager.cpp">
      <Filter>easyar</Filter>
    </ClCompile>
  </ItemGroup>
  <ItemGroup>
    <CustomBuild Include="flamevu.ui">
      <Filter>Form Files</Filter>
    </CustomBuild>
    <CustomBuild Include="flamevu.qrc">
      <Filter>Resource Files</Filter>
    </CustomBuild>
    <CustomBuild Include="src\ui\flamevu.h">
      <Filter>ui</Filter>
    </CustomBuild>
    <CustomBuild Include="src\ui\scenewidget.h">
      <Filter>ui</Filter>
    </CustomBuild>
  </ItemGroup>
  <ItemGroup>
    <ClInclude Include="GeneratedFiles\ui_flamevu.h">
      <Filter>Generated Files</Filter>
    </ClInclude>
    <ClInclude Include="src\functions.h">
      <Filter>Generated Files</Filter>
    </ClInclude>
    <ClInclude Include="src\easyar\armanager.h">
      <Filter>easyar</Filter>
    </ClInclude>
    <ClInclude Include="src\macros.h">
      <Filter>Generated Files</Filter>
    </ClInclude>
  </ItemGroup>
  <ItemGroup>
    <CudaCompile Include="src\cu\volume_render_kernel.cu">
      <Filter>cu</Filter>
    </CudaCompile>
  </ItemGroup>
</Project>